{
  "projectId": "seismic-zephyr-rldsg",
  "appId": "1:288860591383:web:4e9ca5c82d799bf599d352",
  "apiKey": "AIzaSyAN7cxsqUZfzWZRwKSba-pUzkjsyWR_-cc",
  "authDomain": "seismic-zephyr-rldsg.firebaseapp.com",
  "firestoreDatabaseId": "remixed-firestore-database-id",
  "storageBucket": "seismic-zephyr-rldsg.firebasestorage.app",
  "messagingSenderId": "288860591383",
  "measurementId": ""
}